
Microsoft Visual Studio Solution File, Format Version 12.00
# Visual Studio Version 17
VisualStudioVersion = 17.0.31912.275
MinimumVisualStudioVersion = 10.0.40219.1
Project("{FAE04EC0-301F-11D3-BF4B-00C04F79EFBC}") = "TestCef", "TestCef.csproj", "{D9A4FA97-5194-4A69-A40C-7EBFCC2ACE27}"
EndProject
Global
	GlobalSection(SolutionConfigurationPlatforms) = preSolution
		Debug|Any CPU = Debug|Any CPU
		Release|Any CPU = Release|Any CPU
	EndGlobalSection
	GlobalSection(ProjectConfigurationPlatforms) = postSolution
		{D9A4FA97-5194-4A69-A40C-7EBFCC2ACE27}.Debug|Any CPU.ActiveCfg = Debug|Any CPU
		{D9A4FA97-5194-4A69-A40C-7EBFCC2ACE27}.Debug|Any CPU.Build.0 = Debug|Any CPU
		{D9A4FA97-5194-4A69-A40C-7EBFCC2ACE27}.Release|Any CPU.ActiveCfg = Release|Any CPU
		{D9A4FA97-5194-4A69-A40C-7EBFCC2ACE27}.Release|Any CPU.Build.0 = Release|Any CPU
	EndGlobalSection
	GlobalSection(SolutionProperties) = preSolution
		HideSolutionNode = FALSE
	EndGlobalSection
	GlobalSection(ExtensibilityGlobals) = postSolution
		SolutionGuid = {A34C5514-933B-42E8-92A8-666171D8F949}
	EndGlobalSection
EndGlobal
