{
  "version": 3,
  "targets": {
    "net6.0-windows7.0": {
      "CefSharp.Common.NETCore/99.2.140": {
        "type": "package",
        "dependencies": {
          "chromiumembeddedframework.runtime": "[99.2.14]"
        },
        "compile": {
          "ref/netcoreapp3.1/CefSharp.Core.Runtime.dll": {},
          "ref/netcoreapp3.1/CefSharp.Core.dll": {},
          "ref/netcoreapp3.1/CefSharp.dll": {}
        },
        "build": {
          "buildTransitive/CefSharp.Common.NETCore.targets": {}
        },
        "runtimeTargets": {
          "runtimes/win-arm64/lib/netcoreapp3.1/CefSharp.Core.Runtime.dll": {
            "assetType": "runtime",
            "rid": "win-arm64"
          },
          "runtimes/win-arm64/lib/netcoreapp3.1/CefSharp.Core.dll": {
            "assetType": "runtime",
            "rid": "win-arm64"
          },
          "runtimes/win-arm64/lib/netcoreapp3.1/CefSharp.dll": {
            "assetType": "runtime",
            "rid": "win-arm64"
          },
          "runtimes/win-arm64/lib/netcoreapp3.1/Ijwhost.dll": {
            "assetType": "runtime",
            "rid": "win-arm64"
          },
          "runtimes/win-arm64/native/CefSharp.BrowserSubprocess.Core.dll": {
            "assetType": "native",
            "rid": "win-arm64"
          },
          "runtimes/win-arm64/native/CefSharp.BrowserSubprocess.dll": {
            "assetType": "native",
            "rid": "win-arm64"
          },
          "runtimes/win-arm64/native/CefSharp.BrowserSubprocess.exe": {
            "assetType": "native",
            "rid": "win-arm64"
          },
          "runtimes/win-arm64/native/CefSharp.BrowserSubprocess.runtimeconfig.json": {
            "assetType": "native",
            "rid": "win-arm64"
          },
          "runtimes/win-x64/lib/netcoreapp3.1/CefSharp.Core.Runtime.dll": {
            "assetType": "runtime",
            "rid": "win-x64"
          },
          "runtimes/win-x64/lib/netcoreapp3.1/CefSharp.Core.dll": {
            "assetType": "runtime",
            "rid": "win-x64"
          },
          "runtimes/win-x64/lib/netcoreapp3.1/CefSharp.dll": {
            "assetType": "runtime",
            "rid": "win-x64"
          },
          "runtimes/win-x64/lib/netcoreapp3.1/Ijwhost.dll": {
            "assetType": "runtime",
            "rid": "win-x64"
          },
          "runtimes/win-x64/native/CefSharp.BrowserSubprocess.Core.dll": {
            "assetType": "native",
            "rid": "win-x64"
          },
          "runtimes/win-x64/native/CefSharp.BrowserSubprocess.dll": {
            "assetType": "native",
            "rid": "win-x64"
          },
          "runtimes/win-x64/native/CefSharp.BrowserSubprocess.exe": {
            "assetType": "native",
            "rid": "win-x64"
          },
          "runtimes/win-x64/native/CefSharp.BrowserSubprocess.runtimeconfig.json": {
            "assetType": "native",
            "rid": "win-x64"
          },
          "runtimes/win-x86/lib/netcoreapp3.1/CefSharp.Core.Runtime.dll": {
            "assetType": "runtime",
            "rid": "win-x86"
          },
          "runtimes/win-x86/lib/netcoreapp3.1/CefSharp.Core.dll": {
            "assetType": "runtime",
            "rid": "win-x86"
          },
          "runtimes/win-x86/lib/netcoreapp3.1/CefSharp.dll": {
            "assetType": "runtime",
            "rid": "win-x86"
          },
          "runtimes/win-x86/lib/netcoreapp3.1/Ijwhost.dll": {
            "assetType": "runtime",
            "rid": "win-x86"
          },
          "runtimes/win-x86/native/CefSharp.BrowserSubprocess.Core.dll": {
            "assetType": "native",
            "rid": "win-x86"
          },
          "runtimes/win-x86/native/CefSharp.BrowserSubprocess.dll": {
            "assetType": "native",
            "rid": "win-x86"
          },
          "runtimes/win-x86/native/CefSharp.BrowserSubprocess.exe": {
            "assetType": "native",
            "rid": "win-x86"
          },
          "runtimes/win-x86/native/CefSharp.BrowserSubprocess.runtimeconfig.json": {
            "assetType": "native",
            "rid": "win-x86"
          }
        }
      },
      "CefSharp.Wpf.NETCore/99.2.140": {
        "type": "package",
        "dependencies": {
          "CefSharp.Common.NETCore": "[99.2.140]"
        },
        "compile": {
          "ref/netcoreapp3.1/CefSharp.Wpf.dll": {}
        },
        "runtime": {
          "lib/netcoreapp3.1/CefSharp.Wpf.dll": {}
        }
      },
      "chromiumembeddedframework.runtime/99.2.14": {
        "type": "package",
        "build": {
          "buildTransitive/chromiumembeddedframework.runtime.props": {}
        }
      },
      "Microsoft.Xaml.Behaviors.Wpf/1.1.19": {
        "type": "package",
        "compile": {
          "lib/netcoreapp3.0/Microsoft.Xaml.Behaviors.dll": {}
        },
        "runtime": {
          "lib/netcoreapp3.0/Microsoft.Xaml.Behaviors.dll": {}
        },
        "frameworkReferences": [
          "Microsoft.WindowsDesktop.App.WPF"
        ]
      }
    },
    "net6.0-windows7.0/win-x86": {
      "CefSharp.Common.NETCore/99.2.140": {
        "type": "package",
        "dependencies": {
          "chromiumembeddedframework.runtime": "[99.2.14]"
        },
        "compile": {
          "ref/netcoreapp3.1/CefSharp.Core.Runtime.dll": {},
          "ref/netcoreapp3.1/CefSharp.Core.dll": {},
          "ref/netcoreapp3.1/CefSharp.dll": {}
        },
        "runtime": {
          "runtimes/win-x86/lib/netcoreapp3.1/CefSharp.Core.Runtime.dll": {},
          "runtimes/win-x86/lib/netcoreapp3.1/CefSharp.Core.dll": {},
          "runtimes/win-x86/lib/netcoreapp3.1/CefSharp.dll": {},
          "runtimes/win-x86/lib/netcoreapp3.1/Ijwhost.dll": {}
        },
        "native": {
          "runtimes/win-x86/native/CefSharp.BrowserSubprocess.Core.dll": {},
          "runtimes/win-x86/native/CefSharp.BrowserSubprocess.dll": {},
          "runtimes/win-x86/native/CefSharp.BrowserSubprocess.exe": {},
          "runtimes/win-x86/native/CefSharp.BrowserSubprocess.runtimeconfig.json": {}
        },
        "build": {
          "buildTransitive/CefSharp.Common.NETCore.targets": {}
        }
      },
      "CefSharp.Wpf.NETCore/99.2.140": {
        "type": "package",
        "dependencies": {
          "CefSharp.Common.NETCore": "[99.2.140]"
        },
        "compile": {
          "ref/netcoreapp3.1/CefSharp.Wpf.dll": {}
        },
        "runtime": {
          "lib/netcoreapp3.1/CefSharp.Wpf.dll": {}
        }
      },
      "chromiumembeddedframework.runtime/99.2.14": {
        "type": "package",
        "dependencies": {
          "chromiumembeddedframework.runtime.win-x86": "99.2.14"
        },
        "build": {
          "buildTransitive/chromiumembeddedframework.runtime.props": {}
        }
      },
      "chromiumembeddedframework.runtime.win-x86/99.2.14": {
        "type": "package",
        "native": {
          "runtimes/win-x86/native/chrome_100_percent.pak": {},
          "runtimes/win-x86/native/chrome_200_percent.pak": {},
          "runtimes/win-x86/native/chrome_elf.dll": {},
          "runtimes/win-x86/native/d3dcompiler_47.dll": {},
          "runtimes/win-x86/native/icudtl.dat": {},
          "runtimes/win-x86/native/libEGL.dll": {},
          "runtimes/win-x86/native/libGLESv2.dll": {},
          "runtimes/win-x86/native/libcef.dll": {},
          "runtimes/win-x86/native/resources.pak": {},
          "runtimes/win-x86/native/snapshot_blob.bin": {},
          "runtimes/win-x86/native/v8_context_snapshot.bin": {},
          "runtimes/win-x86/native/vk_swiftshader.dll": {},
          "runtimes/win-x86/native/vk_swiftshader_icd.json": {},
          "runtimes/win-x86/native/vulkan-1.dll": {}
        }
      },
      "Microsoft.Xaml.Behaviors.Wpf/1.1.19": {
        "type": "package",
        "compile": {
          "lib/netcoreapp3.0/Microsoft.Xaml.Behaviors.dll": {}
        },
        "runtime": {
          "lib/netcoreapp3.0/Microsoft.Xaml.Behaviors.dll": {}
        },
        "frameworkReferences": [
          "Microsoft.WindowsDesktop.App.WPF"
        ]
      }
    }
  },
  "libraries": {
    "CefSharp.Common.NETCore/99.2.140": {
      "sha512": "Fx8/c2x0mVVWGJ4tJh34kSi+mjOy3XsKUk2CmeF1mNsX754LdrgjYZtFE8fXON5jWu4H4c0LQsbZEGBsyJW/zg==",
      "type": "package",
      "path": "cefsharp.common.netcore/99.2.140",
      "files": [
        ".nupkg.metadata",
        ".signature.p7s",
        "LICENSE",
        "buildTransitive/CefSharp.Common.NETCore.targets",
        "cefsharp.common.netcore.99.2.140.nupkg.sha512",
        "cefsharp.common.netcore.nuspec",
        "ref/netcoreapp3.1/CefSharp.Core.Runtime.dll",
        "ref/netcoreapp3.1/CefSharp.Core.dll",
        "ref/netcoreapp3.1/CefSharp.dll",
        "runtimes/win-arm64/lib/netcoreapp3.1/CefSharp.BrowserSubprocess.Core.pdb",
        "runtimes/win-arm64/lib/netcoreapp3.1/CefSharp.Core.Runtime.dll",
        "runtimes/win-arm64/lib/netcoreapp3.1/CefSharp.Core.Runtime.pdb",
        "runtimes/win-arm64/lib/netcoreapp3.1/CefSharp.Core.dll",
        "runtimes/win-arm64/lib/netcoreapp3.1/CefSharp.Core.xml",
        "runtimes/win-arm64/lib/netcoreapp3.1/CefSharp.dll",
        "runtimes/win-arm64/lib/netcoreapp3.1/CefSharp.xml",
        "runtimes/win-arm64/lib/netcoreapp3.1/Ijwhost.dll",
        "runtimes/win-arm64/native/CefSharp.BrowserSubprocess.Core.dll",
        "runtimes/win-arm64/native/CefSharp.BrowserSubprocess.dll",
        "runtimes/win-arm64/native/CefSharp.BrowserSubprocess.exe",
        "runtimes/win-arm64/native/CefSharp.BrowserSubprocess.runtimeconfig.json",
        "runtimes/win-x64/lib/netcoreapp3.1/CefSharp.BrowserSubprocess.Core.pdb",
        "runtimes/win-x64/lib/netcoreapp3.1/CefSharp.Core.Runtime.dll",
        "runtimes/win-x64/lib/netcoreapp3.1/CefSharp.Core.Runtime.pdb",
        "runtimes/win-x64/lib/netcoreapp3.1/CefSharp.Core.dll",
        "runtimes/win-x64/lib/netcoreapp3.1/CefSharp.Core.xml",
        "runtimes/win-x64/lib/netcoreapp3.1/CefSharp.dll",
        "runtimes/win-x64/lib/netcoreapp3.1/CefSharp.xml",
        "runtimes/win-x64/lib/netcoreapp3.1/Ijwhost.dll",
        "runtimes/win-x64/native/CefSharp.BrowserSubprocess.Core.dll",
        "runtimes/win-x64/native/CefSharp.BrowserSubprocess.dll",
        "runtimes/win-x64/native/CefSharp.BrowserSubprocess.exe",
        "runtimes/win-x64/native/CefSharp.BrowserSubprocess.runtimeconfig.json",
        "runtimes/win-x86/lib/netcoreapp3.1/CefSharp.BrowserSubprocess.Core.pdb",
        "runtimes/win-x86/lib/netcoreapp3.1/CefSharp.Core.Runtime.dll",
        "runtimes/win-x86/lib/netcoreapp3.1/CefSharp.Core.Runtime.pdb",
        "runtimes/win-x86/lib/netcoreapp3.1/CefSharp.Core.dll",
        "runtimes/win-x86/lib/netcoreapp3.1/CefSharp.Core.xml",
        "runtimes/win-x86/lib/netcoreapp3.1/CefSharp.dll",
        "runtimes/win-x86/lib/netcoreapp3.1/CefSharp.xml",
        "runtimes/win-x86/lib/netcoreapp3.1/Ijwhost.dll",
        "runtimes/win-x86/native/CefSharp.BrowserSubprocess.Core.dll",
        "runtimes/win-x86/native/CefSharp.BrowserSubprocess.dll",
        "runtimes/win-x86/native/CefSharp.BrowserSubprocess.exe",
        "runtimes/win-x86/native/CefSharp.BrowserSubprocess.runtimeconfig.json"
      ]
    },
    "CefSharp.Wpf.NETCore/99.2.140": {
      "sha512": "49bGhBtej1FUe0iyPFteQgThgvLXBfHMoONB2uujQWP90zS9r+d0NNT0OcpQaOB0TOFO2J2TrKbIYLIoS12kaA==",
      "type": "package",
      "path": "cefsharp.wpf.netcore/99.2.140",
      "files": [
        ".nupkg.metadata",
        ".signature.p7s",
        "LICENSE",
        "Readme.txt",
        "cefsharp.wpf.netcore.99.2.140.nupkg.sha512",
        "cefsharp.wpf.netcore.nuspec",
        "lib/netcoreapp3.1/CefSharp.Wpf.dll",
        "lib/netcoreapp3.1/CefSharp.Wpf.xml",
        "ref/netcoreapp3.1/CefSharp.Wpf.dll"
      ]
    },
    "chromiumembeddedframework.runtime/99.2.14": {
      "sha512": "itvN50FGKqi2EZnrKr5umMA/adM9uBM+F4WyBtd3FhJWb15k2n1lQ60uLCav4H+4h606ZQopuqp3C+MUghiF5w==",
      "type": "package",
      "path": "chromiumembeddedframework.runtime/99.2.14",
      "files": [
        ".nupkg.metadata",
        ".signature.p7s",
        "CEF/win-arm64/locales/am.pak",
        "CEF/win-arm64/locales/ar.pak",
        "CEF/win-arm64/locales/bg.pak",
        "CEF/win-arm64/locales/bn.pak",
        "CEF/win-arm64/locales/ca.pak",
        "CEF/win-arm64/locales/cs.pak",
        "CEF/win-arm64/locales/da.pak",
        "CEF/win-arm64/locales/de.pak",
        "CEF/win-arm64/locales/el.pak",
        "CEF/win-arm64/locales/en-GB.pak",
        "CEF/win-arm64/locales/en-US.pak",
        "CEF/win-arm64/locales/es-419.pak",
        "CEF/win-arm64/locales/es.pak",
        "CEF/win-arm64/locales/et.pak",
        "CEF/win-arm64/locales/fa.pak",
        "CEF/win-arm64/locales/fi.pak",
        "CEF/win-arm64/locales/fil.pak",
        "CEF/win-arm64/locales/fr.pak",
        "CEF/win-arm64/locales/gu.pak",
        "CEF/win-arm64/locales/he.pak",
        "CEF/win-arm64/locales/hi.pak",
        "CEF/win-arm64/locales/hr.pak",
        "CEF/win-arm64/locales/hu.pak",
        "CEF/win-arm64/locales/id.pak",
        "CEF/win-arm64/locales/it.pak",
        "CEF/win-arm64/locales/ja.pak",
        "CEF/win-arm64/locales/kn.pak",
        "CEF/win-arm64/locales/ko.pak",
        "CEF/win-arm64/locales/lt.pak",
        "CEF/win-arm64/locales/lv.pak",
        "CEF/win-arm64/locales/ml.pak",
        "CEF/win-arm64/locales/mr.pak",
        "CEF/win-arm64/locales/ms.pak",
        "CEF/win-arm64/locales/nb.pak",
        "CEF/win-arm64/locales/nl.pak",
        "CEF/win-arm64/locales/pl.pak",
        "CEF/win-arm64/locales/pt-BR.pak",
        "CEF/win-arm64/locales/pt-PT.pak",
        "CEF/win-arm64/locales/ro.pak",
        "CEF/win-arm64/locales/ru.pak",
        "CEF/win-arm64/locales/sk.pak",
        "CEF/win-arm64/locales/sl.pak",
        "CEF/win-arm64/locales/sr.pak",
        "CEF/win-arm64/locales/sv.pak",
        "CEF/win-arm64/locales/sw.pak",
        "CEF/win-arm64/locales/ta.pak",
        "CEF/win-arm64/locales/te.pak",
        "CEF/win-arm64/locales/th.pak",
        "CEF/win-arm64/locales/tr.pak",
        "CEF/win-arm64/locales/uk.pak",
        "CEF/win-arm64/locales/vi.pak",
        "CEF/win-arm64/locales/zh-CN.pak",
        "CEF/win-arm64/locales/zh-TW.pak",
        "CEF/win-arm64/swiftshader/libEGL.dll",
        "CEF/win-arm64/swiftshader/libGLESv2.dll",
        "CEF/win-x64/locales/am.pak",
        "CEF/win-x64/locales/ar.pak",
        "CEF/win-x64/locales/bg.pak",
        "CEF/win-x64/locales/bn.pak",
        "CEF/win-x64/locales/ca.pak",
        "CEF/win-x64/locales/cs.pak",
        "CEF/win-x64/locales/da.pak",
        "CEF/win-x64/locales/de.pak",
        "CEF/win-x64/locales/el.pak",
        "CEF/win-x64/locales/en-GB.pak",
        "CEF/win-x64/locales/en-US.pak",
        "CEF/win-x64/locales/es-419.pak",
        "CEF/win-x64/locales/es.pak",
        "CEF/win-x64/locales/et.pak",
        "CEF/win-x64/locales/fa.pak",
        "CEF/win-x64/locales/fi.pak",
        "CEF/win-x64/locales/fil.pak",
        "CEF/win-x64/locales/fr.pak",
        "CEF/win-x64/locales/gu.pak",
        "CEF/win-x64/locales/he.pak",
        "CEF/win-x64/locales/hi.pak",
        "CEF/win-x64/locales/hr.pak",
        "CEF/win-x64/locales/hu.pak",
        "CEF/win-x64/locales/id.pak",
        "CEF/win-x64/locales/it.pak",
        "CEF/win-x64/locales/ja.pak",
        "CEF/win-x64/locales/kn.pak",
        "CEF/win-x64/locales/ko.pak",
        "CEF/win-x64/locales/lt.pak",
        "CEF/win-x64/locales/lv.pak",
        "CEF/win-x64/locales/ml.pak",
        "CEF/win-x64/locales/mr.pak",
        "CEF/win-x64/locales/ms.pak",
        "CEF/win-x64/locales/nb.pak",
        "CEF/win-x64/locales/nl.pak",
        "CEF/win-x64/locales/pl.pak",
        "CEF/win-x64/locales/pt-BR.pak",
        "CEF/win-x64/locales/pt-PT.pak",
        "CEF/win-x64/locales/ro.pak",
        "CEF/win-x64/locales/ru.pak",
        "CEF/win-x64/locales/sk.pak",
        "CEF/win-x64/locales/sl.pak",
        "CEF/win-x64/locales/sr.pak",
        "CEF/win-x64/locales/sv.pak",
        "CEF/win-x64/locales/sw.pak",
        "CEF/win-x64/locales/ta.pak",
        "CEF/win-x64/locales/te.pak",
        "CEF/win-x64/locales/th.pak",
        "CEF/win-x64/locales/tr.pak",
        "CEF/win-x64/locales/uk.pak",
        "CEF/win-x64/locales/vi.pak",
        "CEF/win-x64/locales/zh-CN.pak",
        "CEF/win-x64/locales/zh-TW.pak",
        "CEF/win-x64/swiftshader/libEGL.dll",
        "CEF/win-x64/swiftshader/libGLESv2.dll",
        "CEF/win-x86/locales/am.pak",
        "CEF/win-x86/locales/ar.pak",
        "CEF/win-x86/locales/bg.pak",
        "CEF/win-x86/locales/bn.pak",
        "CEF/win-x86/locales/ca.pak",
        "CEF/win-x86/locales/cs.pak",
        "CEF/win-x86/locales/da.pak",
        "CEF/win-x86/locales/de.pak",
        "CEF/win-x86/locales/el.pak",
        "CEF/win-x86/locales/en-GB.pak",
        "CEF/win-x86/locales/en-US.pak",
        "CEF/win-x86/locales/es-419.pak",
        "CEF/win-x86/locales/es.pak",
        "CEF/win-x86/locales/et.pak",
        "CEF/win-x86/locales/fa.pak",
        "CEF/win-x86/locales/fi.pak",
        "CEF/win-x86/locales/fil.pak",
        "CEF/win-x86/locales/fr.pak",
        "CEF/win-x86/locales/gu.pak",
        "CEF/win-x86/locales/he.pak",
        "CEF/win-x86/locales/hi.pak",
        "CEF/win-x86/locales/hr.pak",
        "CEF/win-x86/locales/hu.pak",
        "CEF/win-x86/locales/id.pak",
        "CEF/win-x86/locales/it.pak",
        "CEF/win-x86/locales/ja.pak",
        "CEF/win-x86/locales/kn.pak",
        "CEF/win-x86/locales/ko.pak",
        "CEF/win-x86/locales/lt.pak",
        "CEF/win-x86/locales/lv.pak",
        "CEF/win-x86/locales/ml.pak",
        "CEF/win-x86/locales/mr.pak",
        "CEF/win-x86/locales/ms.pak",
        "CEF/win-x86/locales/nb.pak",
        "CEF/win-x86/locales/nl.pak",
        "CEF/win-x86/locales/pl.pak",
        "CEF/win-x86/locales/pt-BR.pak",
        "CEF/win-x86/locales/pt-PT.pak",
        "CEF/win-x86/locales/ro.pak",
        "CEF/win-x86/locales/ru.pak",
        "CEF/win-x86/locales/sk.pak",
        "CEF/win-x86/locales/sl.pak",
        "CEF/win-x86/locales/sr.pak",
        "CEF/win-x86/locales/sv.pak",
        "CEF/win-x86/locales/sw.pak",
        "CEF/win-x86/locales/ta.pak",
        "CEF/win-x86/locales/te.pak",
        "CEF/win-x86/locales/th.pak",
        "CEF/win-x86/locales/tr.pak",
        "CEF/win-x86/locales/uk.pak",
        "CEF/win-x86/locales/vi.pak",
        "CEF/win-x86/locales/zh-CN.pak",
        "CEF/win-x86/locales/zh-TW.pak",
        "CEF/win-x86/swiftshader/libEGL.dll",
        "CEF/win-x86/swiftshader/libGLESv2.dll",
        "LICENSE.txt",
        "buildTransitive/chromiumembeddedframework.runtime.props",
        "chromiumembeddedframework.runtime.99.2.14.nupkg.sha512",
        "chromiumembeddedframework.runtime.nuspec",
        "images/cef128x128.png",
        "runtime.json"
      ]
    },
    "chromiumembeddedframework.runtime.win-x86/99.2.14": {
      "sha512": "ccH4JbNTT5icT/3ftBy9paNgQbWLYc2rvYoQDSlsnhd3XBaiMnT3K8TiCDuXOkOhQbAbU8VZnwF+CAqdyh5FCQ==",
      "type": "package",
      "path": "chromiumembeddedframework.runtime.win-x86/99.2.14",
      "files": [
        ".nupkg.metadata",
        ".signature.p7s",
        "LICENSE.txt",
        "README.txt",
        "chromiumembeddedframework.runtime.win-x86.99.2.14.nupkg.sha512",
        "chromiumembeddedframework.runtime.win-x86.nuspec",
        "images/cef128x128.png",
        "runtimes/win-x86/native/chrome_100_percent.pak",
        "runtimes/win-x86/native/chrome_200_percent.pak",
        "runtimes/win-x86/native/chrome_elf.dll",
        "runtimes/win-x86/native/d3dcompiler_47.dll",
        "runtimes/win-x86/native/icudtl.dat",
        "runtimes/win-x86/native/libEGL.dll",
        "runtimes/win-x86/native/libGLESv2.dll",
        "runtimes/win-x86/native/libcef.dll",
        "runtimes/win-x86/native/resources.pak",
        "runtimes/win-x86/native/snapshot_blob.bin",
        "runtimes/win-x86/native/v8_context_snapshot.bin",
        "runtimes/win-x86/native/vk_swiftshader.dll",
        "runtimes/win-x86/native/vk_swiftshader_icd.json",
        "runtimes/win-x86/native/vulkan-1.dll"
      ]
    },
    "Microsoft.Xaml.Behaviors.Wpf/1.1.19": {
      "sha512": "5sPWkbqImc2t1aQwIfJcKsUo7tOg1Tr8+6xVzZJB56Nzt4u9NlpcLofgdX/aRYpPKdWDA3U23Akw1KQzU5e82g==",
      "type": "package",
      "path": "microsoft.xaml.behaviors.wpf/1.1.19",
      "hasTools": true,
      "files": [
        ".nupkg.metadata",
        ".signature.p7s",
        "lib/net45/Design/Microsoft.Xaml.Behaviors.Design.dll",
        "lib/net45/Microsoft.Xaml.Behaviors.dll",
        "lib/net45/Microsoft.Xaml.Behaviors.pdb",
        "lib/net45/Microsoft.Xaml.Behaviors.xml",
        "lib/netcoreapp3.0/Design/Microsoft.Xaml.Behaviors.DesignTools.dll",
        "lib/netcoreapp3.0/Microsoft.Xaml.Behaviors.dll",
        "lib/netcoreapp3.0/Microsoft.Xaml.Behaviors.pdb",
        "lib/netcoreapp3.0/Microsoft.Xaml.Behaviors.xml",
        "microsoft.xaml.behaviors.wpf.1.1.19.nupkg.sha512",
        "microsoft.xaml.behaviors.wpf.nuspec",
        "tools/Install.ps1"
      ]
    }
  },
  "projectFileDependencyGroups": {
    "net6.0-windows7.0": [
      "CefSharp.Wpf.NetCore >= 99.2.140",
      "Microsoft.Xaml.Behaviors.Wpf >= 1.1.19"
    ]
  },
  "packageFolders": {
    "C:\\Users\\SandounAdmin\\.nuget\\packages\\": {},
    "C:\\Program Files (x86)\\Microsoft Visual Studio\\Shared\\NuGetPackages": {}
  },
  "project": {
    "version": "1.0.0",
    "restore": {
      "projectUniqueName": "C:\\Users\\SandounAdmin\\source\\repos\\TestCef\\TestCef.csproj",
      "projectName": "TestCef",
      "projectPath": "C:\\Users\\SandounAdmin\\source\\repos\\TestCef\\TestCef.csproj",
      "packagesPath": "C:\\Users\\SandounAdmin\\.nuget\\packages\\",
      "outputPath": "C:\\Users\\SandounAdmin\\source\\repos\\TestCef\\obj.netcore\\",
      "projectStyle": "PackageReference",
      "fallbackFolders": [
        "C:\\Program Files (x86)\\Microsoft Visual Studio\\Shared\\NuGetPackages"
      ],
      "configFilePaths": [
        "C:\\Users\\SandounAdmin\\AppData\\Roaming\\NuGet\\NuGet.Config",
        "C:\\Program Files (x86)\\NuGet\\Config\\Microsoft.VisualStudio.FallbackLocation.config",
        "C:\\Program Files (x86)\\NuGet\\Config\\Microsoft.VisualStudio.Offline.config"
      ],
      "originalTargetFrameworks": [
        "net6.0-windows7.0"
      ],
      "sources": {
        "C:\\Program Files (x86)\\Microsoft SDKs\\NuGetPackages\\": {},
        "C:\\Program Files\\dotnet\\library-packs": {},
        "https://api.nuget.org/v3/index.json": {}
      },
      "frameworks": {
        "net6.0-windows7.0": {
          "targetAlias": "net6.0-windows",
          "projectReferences": {}
        }
      },
      "warningProperties": {
        "warnAsError": [
          "NU1605"
        ]
      }
    },
    "frameworks": {
      "net6.0-windows7.0": {
        "targetAlias": "net6.0-windows",
        "dependencies": {
          "CefSharp.Wpf.NetCore": {
            "target": "Package",
            "version": "[99.2.140, )"
          },
          "Microsoft.Xaml.Behaviors.Wpf": {
            "target": "Package",
            "version": "[1.1.19, )"
          }
        },
        "imports": [
          "net461",
          "net462",
          "net47",
          "net471",
          "net472",
          "net48"
        ],
        "assetTargetFallback": true,
        "warn": true,
        "downloadDependencies": [
          {
            "name": "Microsoft.AspNetCore.App.Runtime.win-x86",
            "version": "[6.0.0, 6.0.0]"
          },
          {
            "name": "Microsoft.NETCore.App.Runtime.win-x86",
            "version": "[6.0.0, 6.0.0]"
          },
          {
            "name": "Microsoft.WindowsDesktop.App.Runtime.win-x86",
            "version": "[6.0.0, 6.0.0]"
          }
        ],
        "frameworkReferences": {
          "Microsoft.NETCore.App": {
            "privateAssets": "all"
          },
          "Microsoft.WindowsDesktop.App.WPF": {
            "privateAssets": "none"
          }
        },
        "runtimeIdentifierGraphPath": "C:\\Program Files\\dotnet\\sdk\\6.0.100\\RuntimeIdentifierGraph.json"
      }
    },
    "runtimes": {
      "win-x86": {
        "#import": []
      }
    }
  }
}